
Microsoft Visual Studio Solution File, Format Version 12.00
# Visual Studio Version 17
VisualStudioVersion = 17.13.35919.96 d17.13
MinimumVisualStudioVersion = 10.0.40219.1
Project("{F2A71F9B-5D33-465A-A702-920D77279786}") = "functional_logical_programming", "functional_logical_programming.fsproj", "{68A66AF5-541D-4A24-ACF3-FA51C6BF34B6}"
EndProject
Global
	GlobalSection(SolutionConfigurationPlatforms) = preSolution
		Debug|Any CPU = Debug|Any CPU
		Release|Any CPU = Release|Any CPU
	EndGlobalSection
	GlobalSection(ProjectConfigurationPlatforms) = postSolution
		{68A66AF5-541D-4A24-ACF3-FA51C6BF34B6}.Debug|Any CPU.ActiveCfg = Debug|Any CPU
		{68A66AF5-541D-4A24-ACF3-FA51C6BF34B6}.Debug|Any CPU.Build.0 = Debug|Any CPU
		{68A66AF5-541D-4A24-ACF3-FA51C6BF34B6}.Release|Any CPU.ActiveCfg = Release|Any CPU
		{68A66AF5-541D-4A24-ACF3-FA51C6BF34B6}.Release|Any CPU.Build.0 = Release|Any CPU
	EndGlobalSection
	GlobalSection(SolutionProperties) = preSolution
		HideSolutionNode = FALSE
	EndGlobalSection
	GlobalSection(ExtensibilityGlobals) = postSolution
		SolutionGuid = {999FB964-ECF9-4375-A782-606309AF694A}
	EndGlobalSection
EndGlobal
